
Microsoft Visual Studio Solution File, Format Version 12.00
# Visual Studio 2012
Project("{FAE04EC0-301F-11D3-BF4B-00C04F79EFBC}") = "MvcApplication1", "MvcApplication1\MvcApplication1.csproj", "{456108BF-48C5-4F48-9629-47843832DF88}"
EndProject
Global
	GlobalSection(SolutionConfigurationPlatforms) = preSolution
		Debug|Any CPU = Debug|Any CPU
		Release|Any CPU = Release|Any CPU
	EndGlobalSection
	GlobalSection(ProjectConfigurationPlatforms) = postSolution
		{456108BF-48C5-4F48-9629-47843832DF88}.Debug|Any CPU.ActiveCfg = Debug|Any CPU
		{456108BF-48C5-4F48-9629-47843832DF88}.Debug|Any CPU.Build.0 = Debug|Any CPU
		{456108BF-48C5-4F48-9629-47843832DF88}.Release|Any CPU.ActiveCfg = Release|Any CPU
		{456108BF-48C5-4F48-9629-47843832DF88}.Release|Any CPU.Build.0 = Release|Any CPU
	EndGlobalSection
	GlobalSection(SolutionProperties) = preSolution
		HideSolutionNode = FALSE
	EndGlobalSection
EndGlobal
