
Microsoft Visual Studio Solution File, Format Version 12.00
# Visual Studio 2012
Project("{FAE04EC0-301F-11D3-BF4B-00C04F79EFBC}") = "TestAutoMapper", "TestAutoMapper\TestAutoMapper.csproj", "{843E3F7F-D4B8-4F80-8992-D6351D2E0017}"
EndProject
Global
	GlobalSection(SolutionConfigurationPlatforms) = preSolution
		Debug|Any CPU = Debug|Any CPU
		Release|Any CPU = Release|Any CPU
	EndGlobalSection
	GlobalSection(ProjectConfigurationPlatforms) = postSolution
		{843E3F7F-D4B8-4F80-8992-D6351D2E0017}.Debug|Any CPU.ActiveCfg = Debug|Any CPU
		{843E3F7F-D4B8-4F80-8992-D6351D2E0017}.Debug|Any CPU.Build.0 = Debug|Any CPU
		{843E3F7F-D4B8-4F80-8992-D6351D2E0017}.Release|Any CPU.ActiveCfg = Release|Any CPU
		{843E3F7F-D4B8-4F80-8992-D6351D2E0017}.Release|Any CPU.Build.0 = Release|Any CPU
	EndGlobalSection
	GlobalSection(SolutionProperties) = preSolution
		HideSolutionNode = FALSE
	EndGlobalSection
EndGlobal
